
Microsoft Visual Studio Solution File, Format Version 12.00
# Visual Studio 2015
Project("{FAE04EC0-301F-11D3-BF4B-00C04F79EFBC}") = "AR_Seni", "AR_Seni.csproj", "{70129FBD-3A65-1E9C-D02F-603623EDBAAF}"
EndProject
Project("{FAE04EC0-301F-11D3-BF4B-00C04F79EFBC}") = "AR_Seni.Editor", "AR_Seni.Editor.csproj", "{AF65D818-9C57-3853-3674-D7055605065F}"
EndProject
Global
	GlobalSection(SolutionConfigurationPlatforms) = preSolution
		Debug|Any CPU = Debug|Any CPU
		Release|Any CPU = Release|Any CPU
	EndGlobalSection
	GlobalSection(ProjectConfigurationPlatforms) = postSolution
		{70129FBD-3A65-1E9C-D02F-603623EDBAAF}.Debug|Any CPU.ActiveCfg = Debug|Any CPU
		{70129FBD-3A65-1E9C-D02F-603623EDBAAF}.Debug|Any CPU.Build.0 = Debug|Any CPU
		{70129FBD-3A65-1E9C-D02F-603623EDBAAF}.Release|Any CPU.ActiveCfg = Release|Any CPU
		{70129FBD-3A65-1E9C-D02F-603623EDBAAF}.Release|Any CPU.Build.0 = Release|Any CPU
		{AF65D818-9C57-3853-3674-D7055605065F}.Debug|Any CPU.ActiveCfg = Debug|Any CPU
		{AF65D818-9C57-3853-3674-D7055605065F}.Debug|Any CPU.Build.0 = Debug|Any CPU
		{AF65D818-9C57-3853-3674-D7055605065F}.Release|Any CPU.ActiveCfg = Release|Any CPU
		{AF65D818-9C57-3853-3674-D7055605065F}.Release|Any CPU.Build.0 = Release|Any CPU
	EndGlobalSection
	GlobalSection(SolutionProperties) = preSolution
		HideSolutionNode = FALSE
	EndGlobalSection
EndGlobal
